// !$*UTF8*$!
{
	archiveVersion = 1;
	classes = {
	};
	objectVersion = 46;
	objects = {

/* Begin PBXBuildFile section */
		7E09F7C61AFEF4300013F875 /* PeopleParser.swift in Sources */ = {isa = PBXBuildFile; fileRef = 7E09F7C51AFEF4300013F875 /* PeopleParser.swift */; };
		7E09F7C71AFEFA710013F875 /* TestJsonLoader.swift in Sources */ = {isa = PBXBuildFile; fileRef = 7E4E78D91AFEF3F3007D583E /* TestJsonLoader.swift */; };
		7E09F7C81AFEFBEB0013F875 /* people.json in Resources */ = {isa = PBXBuildFile; fileRef = 7E4E78D71AFEF3F3007D583E /* people.json */; };
		7E09F7CB1AFEFC390013F875 /* TickTock.swift in Sources */ = {isa = PBXBuildFile; fileRef = 7E09F7CA1AFEFC390013F875 /* TickTock.swift */; };
		7E09F7CC1AFEFC5B0013F875 /* PeopleParser.swift in Sources */ = {isa = PBXBuildFile; fileRef = 7E09F7C51AFEF4300013F875 /* PeopleParser.swift */; };
		7E09F7CD1AFEFCA30013F875 /* Person.swift in Sources */ = {isa = PBXBuildFile; fileRef = 7E4E78D81AFEF3F3007D583E /* Person.swift */; };
		7E09F7CE1AFEFCAA0013F875 /* Friend.swift in Sources */ = {isa = PBXBuildFile; fileRef = 7E4E78D61AFEF3F3007D583E /* Friend.swift */; };
		7E09F7CF1AFEFD2E0013F875 /* JsonSwiftson.framework in Frameworks */ = {isa = PBXBuildFile; fileRef = 7E4E78741AFEF250007D583E /* JsonSwiftson.framework */; };
		7E09F7D01AFEFD2E0013F875 /* JsonSwiftson.framework in Embed Frameworks */ = {isa = PBXBuildFile; fileRef = 7E4E78741AFEF250007D583E /* JsonSwiftson.framework */; settings = {ATTRIBUTES = (CodeSignOnCopy, RemoveHeadersOnCopy, ); }; };
		7E4E787A1AFEF250007D583E /* JsonSwiftson.h in Headers */ = {isa = PBXBuildFile; fileRef = 7E4E78791AFEF250007D583E /* JsonSwiftson.h */; settings = {ATTRIBUTES = (Public, ); }; };
		7E4E78801AFEF250007D583E /* JsonSwiftson.framework in Frameworks */ = {isa = PBXBuildFile; fileRef = 7E4E78741AFEF250007D583E /* JsonSwiftson.framework */; };
		7E4E78871AFEF250007D583E /* JsonSwiftsonTests.swift in Sources */ = {isa = PBXBuildFile; fileRef = 7E4E78861AFEF250007D583E /* JsonSwiftsonTests.swift */; };
		7E4E78911AFEF33C007D583E /* JsonSwiftson.swift in Sources */ = {isa = PBXBuildFile; fileRef = 7E4E78901AFEF33C007D583E /* JsonSwiftson.swift */; };
		7E4E78A11AFEF352007D583E /* arrayWithClosure.swift in Sources */ = {isa = PBXBuildFile; fileRef = 7E4E78921AFEF352007D583E /* arrayWithClosure.swift */; };
		7E4E78A21AFEF352007D583E /* byPropertyTests.swift in Sources */ = {isa = PBXBuildFile; fileRef = 7E4E78931AFEF352007D583E /* byPropertyTests.swift */; };
		7E4E78A31AFEF352007D583E /* optionalArrayElementsWithClosure.swift in Sources */ = {isa = PBXBuildFile; fileRef = 7E4E78941AFEF352007D583E /* optionalArrayElementsWithClosure.swift */; };
		7E4E78A41AFEF352007D583E /* optionalArrayWithClosure.swift in Sources */ = {isa = PBXBuildFile; fileRef = 7E4E78951AFEF352007D583E /* optionalArrayWithClosure.swift */; };
		7E4E78A51AFEF352007D583E /* optionalTopLevelArrayTests.swift in Sources */ = {isa = PBXBuildFile; fileRef = 7E4E78961AFEF352007D583E /* optionalTopLevelArrayTests.swift */; };
		7E4E78A61AFEF352007D583E /* optionalTopLevelValueTests.swift in Sources */ = {isa = PBXBuildFile; fileRef = 7E4E78971AFEF352007D583E /* optionalTopLevelValueTests.swift */; };
		7E4E78A71AFEF352007D583E /* optionalWithClosure.swift in Sources */ = {isa = PBXBuildFile; fileRef = 7E4E78981AFEF352007D583E /* optionalWithClosure.swift */; };
		7E4E78A81AFEF352007D583E /* peopleTests.swift in Sources */ = {isa = PBXBuildFile; fileRef = 7E4E78991AFEF352007D583E /* peopleTests.swift */; };
		7E4E78A91AFEF352007D583E /* performanceTest.swift in Sources */ = {isa = PBXBuildFile; fileRef = 7E4E789B1AFEF352007D583E /* performanceTest.swift */; };
		7E4E78AA1AFEF352007D583E /* rawArrayTests.swift in Sources */ = {isa = PBXBuildFile; fileRef = 7E4E789C1AFEF352007D583E /* rawArrayTests.swift */; };
		7E4E78AB1AFEF352007D583E /* rawTests.swift in Sources */ = {isa = PBXBuildFile; fileRef = 7E4E789D1AFEF352007D583E /* rawTests.swift */; };
		7E4E78AC1AFEF352007D583E /* topLevelArrayTests.swift in Sources */ = {isa = PBXBuildFile; fileRef = 7E4E789E1AFEF352007D583E /* topLevelArrayTests.swift */; };
		7E4E78AD1AFEF352007D583E /* topLevelValueTests.swift in Sources */ = {isa = PBXBuildFile; fileRef = 7E4E789F1AFEF352007D583E /* topLevelValueTests.swift */; };
		7E4E78AE1AFEF352007D583E /* withClosureTests.swift in Sources */ = {isa = PBXBuildFile; fileRef = 7E4E78A01AFEF352007D583E /* withClosureTests.swift */; };
		7E4E78B81AFEF3AF007D583E /* AppDelegate.swift in Sources */ = {isa = PBXBuildFile; fileRef = 7E4E78B71AFEF3AF007D583E /* AppDelegate.swift */; };
		7E4E78BA1AFEF3AF007D583E /* ViewController.swift in Sources */ = {isa = PBXBuildFile; fileRef = 7E4E78B91AFEF3AF007D583E /* ViewController.swift */; };
		7E4E78BD1AFEF3AF007D583E /* Main.storyboard in Resources */ = {isa = PBXBuildFile; fileRef = 7E4E78BB1AFEF3AF007D583E /* Main.storyboard */; };
		7E4E78BF1AFEF3AF007D583E /* Images.xcassets in Resources */ = {isa = PBXBuildFile; fileRef = 7E4E78BE1AFEF3AF007D583E /* Images.xcassets */; };
		7E4E78C21AFEF3AF007D583E /* LaunchScreen.xib in Resources */ = {isa = PBXBuildFile; fileRef = 7E4E78C01AFEF3AF007D583E /* LaunchScreen.xib */; };
		7E4E78DA1AFEF3F3007D583E /* Friend.swift in Sources */ = {isa = PBXBuildFile; fileRef = 7E4E78D61AFEF3F3007D583E /* Friend.swift */; };
		7E4E78DB1AFEF3F3007D583E /* people.json in Resources */ = {isa = PBXBuildFile; fileRef = 7E4E78D71AFEF3F3007D583E /* people.json */; };
		7E4E78DC1AFEF3F3007D583E /* Person.swift in Sources */ = {isa = PBXBuildFile; fileRef = 7E4E78D81AFEF3F3007D583E /* Person.swift */; };
		7E4E78DD1AFEF3F3007D583E /* TestJsonLoader.swift in Sources */ = {isa = PBXBuildFile; fileRef = 7E4E78D91AFEF3F3007D583E /* TestJsonLoader.swift */; };
		7E72A65D1D136DAA0038B840 /* JsonSwiftson-macOS.h in Headers */ = {isa = PBXBuildFile; fileRef = 7E72A65C1D136DAA0038B840 /* JsonSwiftson-macOS.h */; settings = {ATTRIBUTES = (Public, ); }; };
		7E72A6621D136E540038B840 /* JsonSwiftson.swift in Sources */ = {isa = PBXBuildFile; fileRef = 7E4E78901AFEF33C007D583E /* JsonSwiftson.swift */; };
		7E72A6881D1372400038B840 /* JsonSwiftson-tvOS.h in Headers */ = {isa = PBXBuildFile; fileRef = 7E72A6871D1372400038B840 /* JsonSwiftson-tvOS.h */; settings = {ATTRIBUTES = (Public, ); }; };
		7E72A6951D1372760038B840 /* JsonSwiftson-watchOS.h in Headers */ = {isa = PBXBuildFile; fileRef = 7E72A6941D1372760038B840 /* JsonSwiftson-watchOS.h */; settings = {ATTRIBUTES = (Public, ); }; };
		7E72A69A1D13728F0038B840 /* JsonSwiftson.swift in Sources */ = {isa = PBXBuildFile; fileRef = 7E4E78901AFEF33C007D583E /* JsonSwiftson.swift */; };
		7E72A69B1D1372900038B840 /* JsonSwiftson.swift in Sources */ = {isa = PBXBuildFile; fileRef = 7E4E78901AFEF33C007D583E /* JsonSwiftson.swift */; };
		7EEB6D0E1AFF1604009F26B6 /* JsonSwiftson.swift in Sources */ = {isa = PBXBuildFile; fileRef = 7E4E78901AFEF33C007D583E /* JsonSwiftson.swift */; };
		7EEB6D0F1AFF1A28009F26B6 /* JsonSwiftson.swift in Sources */ = {isa = PBXBuildFile; fileRef = 7E4E78901AFEF33C007D583E /* JsonSwiftson.swift */; };
		7EF83D271D1381BF00A5530F /* byPropertyDeepTests.swift in Sources */ = {isa = PBXBuildFile; fileRef = 7EF83D261D1381BF00A5530F /* byPropertyDeepTests.swift */; };
/* End PBXBuildFile section */

/* Begin PBXContainerItemProxy section */
		7E09F7D11AFEFD2E0013F875 /* PBXContainerItemProxy */ = {
			isa = PBXContainerItemProxy;
			containerPortal = 7E4E786B1AFEF250007D583E /* Project object */;
			proxyType = 1;
			remoteGlobalIDString = 7E4E78731AFEF250007D583E;
			remoteInfo = JsonSwiftson;
		};
/* End PBXContainerItemProxy section */

/* Begin PBXCopyFilesBuildPhase section */
		7E09F7D31AFEFD2E0013F875 /* Embed Frameworks */ = {
			isa = PBXCopyFilesBuildPhase;
			buildActionMask = 2147483647;
			dstPath = "";
			dstSubfolderSpec = 10;
			files = (
				7E09F7D01AFEFD2E0013F875 /* JsonSwiftson.framework in Embed Frameworks */,
			);
			name = "Embed Frameworks";
			runOnlyForDeploymentPostprocessing = 0;
		};
/* End PBXCopyFilesBuildPhase section */

/* Begin PBXFileReference section */
		7E09F7C51AFEF4300013F875 /* PeopleParser.swift */ = {isa = PBXFileReference; fileEncoding = 4; lastKnownFileType = sourcecode.swift; path = PeopleParser.swift; sourceTree = "<group>"; };
		7E09F7CA1AFEFC390013F875 /* TickTock.swift */ = {isa = PBXFileReference; fileEncoding = 4; lastKnownFileType = sourcecode.swift; path = TickTock.swift; sourceTree = "<group>"; };
		7E4E78741AFEF250007D583E /* JsonSwiftson.framework */ = {isa = PBXFileReference; explicitFileType = wrapper.framework; includeInIndex = 0; path = JsonSwiftson.framework; sourceTree = BUILT_PRODUCTS_DIR; };
		7E4E78781AFEF250007D583E /* Info.plist */ = {isa = PBXFileReference; lastKnownFileType = text.plist.xml; path = Info.plist; sourceTree = "<group>"; };
		7E4E78791AFEF250007D583E /* JsonSwiftson.h */ = {isa = PBXFileReference; lastKnownFileType = sourcecode.c.h; path = JsonSwiftson.h; sourceTree = "<group>"; };
		7E4E787F1AFEF250007D583E /* JsonSwiftsonTests.xctest */ = {isa = PBXFileReference; explicitFileType = wrapper.cfbundle; includeInIndex = 0; path = JsonSwiftsonTests.xctest; sourceTree = BUILT_PRODUCTS_DIR; };
		7E4E78851AFEF250007D583E /* Info.plist */ = {isa = PBXFileReference; lastKnownFileType = text.plist.xml; path = Info.plist; sourceTree = "<group>"; };
		7E4E78861AFEF250007D583E /* JsonSwiftsonTests.swift */ = {isa = PBXFileReference; lastKnownFileType = sourcecode.swift; path = JsonSwiftsonTests.swift; sourceTree = "<group>"; };
		7E4E78901AFEF33C007D583E /* JsonSwiftson.swift */ = {isa = PBXFileReference; fileEncoding = 4; indentWidth = 2; lastKnownFileType = sourcecode.swift; path = JsonSwiftson.swift; sourceTree = "<group>"; tabWidth = 2; };
		7E4E78921AFEF352007D583E /* arrayWithClosure.swift */ = {isa = PBXFileReference; fileEncoding = 4; lastKnownFileType = sourcecode.swift; path = arrayWithClosure.swift; sourceTree = "<group>"; };
		7E4E78931AFEF352007D583E /* byPropertyTests.swift */ = {isa = PBXFileReference; fileEncoding = 4; lastKnownFileType = sourcecode.swift; path = byPropertyTests.swift; sourceTree = "<group>"; };
		7E4E78941AFEF352007D583E /* optionalArrayElementsWithClosure.swift */ = {isa = PBXFileReference; fileEncoding = 4; lastKnownFileType = sourcecode.swift; path = optionalArrayElementsWithClosure.swift; sourceTree = "<group>"; };
		7E4E78951AFEF352007D583E /* optionalArrayWithClosure.swift */ = {isa = PBXFileReference; fileEncoding = 4; lastKnownFileType = sourcecode.swift; path = optionalArrayWithClosure.swift; sourceTree = "<group>"; };
		7E4E78961AFEF352007D583E /* optionalTopLevelArrayTests.swift */ = {isa = PBXFileReference; fileEncoding = 4; lastKnownFileType = sourcecode.swift; path = optionalTopLevelArrayTests.swift; sourceTree = "<group>"; };
		7E4E78971AFEF352007D583E /* optionalTopLevelValueTests.swift */ = {isa = PBXFileReference; fileEncoding = 4; lastKnownFileType = sourcecode.swift; path = optionalTopLevelValueTests.swift; sourceTree = "<group>"; };
		7E4E78981AFEF352007D583E /* optionalWithClosure.swift */ = {isa = PBXFileReference; fileEncoding = 4; lastKnownFileType = sourcecode.swift; path = optionalWithClosure.swift; sourceTree = "<group>"; };
		7E4E78991AFEF352007D583E /* peopleTests.swift */ = {isa = PBXFileReference; fileEncoding = 4; lastKnownFileType = sourcecode.swift; path = peopleTests.swift; sourceTree = "<group>"; };
		7E4E789B1AFEF352007D583E /* performanceTest.swift */ = {isa = PBXFileReference; fileEncoding = 4; lastKnownFileType = sourcecode.swift; path = performanceTest.swift; sourceTree = "<group>"; };
		7E4E789C1AFEF352007D583E /* rawArrayTests.swift */ = {isa = PBXFileReference; fileEncoding = 4; lastKnownFileType = sourcecode.swift; path = rawArrayTests.swift; sourceTree = "<group>"; };
		7E4E789D1AFEF352007D583E /* rawTests.swift */ = {isa = PBXFileReference; fileEncoding = 4; lastKnownFileType = sourcecode.swift; path = rawTests.swift; sourceTree = "<group>"; };
		7E4E789E1AFEF352007D583E /* topLevelArrayTests.swift */ = {isa = PBXFileReference; fileEncoding = 4; lastKnownFileType = sourcecode.swift; path = topLevelArrayTests.swift; sourceTree = "<group>"; };
		7E4E789F1AFEF352007D583E /* topLevelValueTests.swift */ = {isa = PBXFileReference; fileEncoding = 4; lastKnownFileType = sourcecode.swift; path = topLevelValueTests.swift; sourceTree = "<group>"; };
		7E4E78A01AFEF352007D583E /* withClosureTests.swift */ = {isa = PBXFileReference; fileEncoding = 4; lastKnownFileType = sourcecode.swift; path = withClosureTests.swift; sourceTree = "<group>"; };
		7E4E78B31AFEF3AF007D583E /* JsonSwiftsonAppDemo.app */ = {isa = PBXFileReference; explicitFileType = wrapper.application; includeInIndex = 0; path = JsonSwiftsonAppDemo.app; sourceTree = BUILT_PRODUCTS_DIR; };
		7E4E78B61AFEF3AF007D583E /* Info.plist */ = {isa = PBXFileReference; lastKnownFileType = text.plist.xml; path = Info.plist; sourceTree = "<group>"; };
		7E4E78B71AFEF3AF007D583E /* AppDelegate.swift */ = {isa = PBXFileReference; lastKnownFileType = sourcecode.swift; path = AppDelegate.swift; sourceTree = "<group>"; };
		7E4E78B91AFEF3AF007D583E /* ViewController.swift */ = {isa = PBXFileReference; lastKnownFileType = sourcecode.swift; path = ViewController.swift; sourceTree = "<group>"; };
		7E4E78BC1AFEF3AF007D583E /* Base */ = {isa = PBXFileReference; lastKnownFileType = file.storyboard; name = Base; path = Base.lproj/Main.storyboard; sourceTree = "<group>"; };
		7E4E78BE1AFEF3AF007D583E /* Images.xcassets */ = {isa = PBXFileReference; lastKnownFileType = folder.assetcatalog; path = Images.xcassets; sourceTree = "<group>"; };
		7E4E78C11AFEF3AF007D583E /* Base */ = {isa = PBXFileReference; lastKnownFileType = file.xib; name = Base; path = Base.lproj/LaunchScreen.xib; sourceTree = "<group>"; };
		7E4E78D61AFEF3F3007D583E /* Friend.swift */ = {isa = PBXFileReference; fileEncoding = 4; lastKnownFileType = sourcecode.swift; path = Friend.swift; sourceTree = "<group>"; };
		7E4E78D71AFEF3F3007D583E /* people.json */ = {isa = PBXFileReference; fileEncoding = 4; lastKnownFileType = text.json; path = people.json; sourceTree = "<group>"; };
		7E4E78D81AFEF3F3007D583E /* Person.swift */ = {isa = PBXFileReference; fileEncoding = 4; lastKnownFileType = sourcecode.swift; path = Person.swift; sourceTree = "<group>"; };
		7E4E78D91AFEF3F3007D583E /* TestJsonLoader.swift */ = {isa = PBXFileReference; fileEncoding = 4; lastKnownFileType = sourcecode.swift; path = TestJsonLoader.swift; sourceTree = "<group>"; };
		7E72A65A1D136DAA0038B840 /* JsonSwiftson.framework */ = {isa = PBXFileReference; explicitFileType = wrapper.framework; includeInIndex = 0; path = JsonSwiftson.framework; sourceTree = BUILT_PRODUCTS_DIR; };
		7E72A65C1D136DAA0038B840 /* JsonSwiftson-macOS.h */ = {isa = PBXFileReference; lastKnownFileType = sourcecode.c.h; path = "JsonSwiftson-macOS.h"; sourceTree = "<group>"; };
		7E72A65E1D136DAA0038B840 /* Info.plist */ = {isa = PBXFileReference; lastKnownFileType = text.plist.xml; path = Info.plist; sourceTree = "<group>"; };
		7E72A6851D1372400038B840 /* JsonSwiftson.framework */ = {isa = PBXFileReference; explicitFileType = wrapper.framework; includeInIndex = 0; path = JsonSwiftson.framework; sourceTree = BUILT_PRODUCTS_DIR; };
		7E72A6871D1372400038B840 /* JsonSwiftson-tvOS.h */ = {isa = PBXFileReference; lastKnownFileType = sourcecode.c.h; path = "JsonSwiftson-tvOS.h"; sourceTree = "<group>"; };
		7E72A6891D1372400038B840 /* Info.plist */ = {isa = PBXFileReference; lastKnownFileType = text.plist.xml; path = Info.plist; sourceTree = "<group>"; };
		7E72A6921D1372760038B840 /* JsonSwiftson.framework */ = {isa = PBXFileReference; explicitFileType = wrapper.framework; includeInIndex = 0; path = JsonSwiftson.framework; sourceTree = BUILT_PRODUCTS_DIR; };
		7E72A6941D1372760038B840 /* JsonSwiftson-watchOS.h */ = {isa = PBXFileReference; lastKnownFileType = sourcecode.c.h; path = "JsonSwiftson-watchOS.h"; sourceTree = "<group>"; };
		7E72A6961D1372760038B840 /* Info.plist */ = {isa = PBXFileReference; lastKnownFileType = text.plist.xml; path = Info.plist; sourceTree = "<group>"; };
		7EF83D261D1381BF00A5530F /* byPropertyDeepTests.swift */ = {isa = PBXFileReference; fileEncoding = 4; lastKnownFileType = sourcecode.swift; path = byPropertyDeepTests.swift; sourceTree = "<group>"; };
/* End PBXFileReference section */

/* Begin PBXFrameworksBuildPhase section */
		7E4E78701AFEF250007D583E /* Frameworks */ = {
			isa = PBXFrameworksBuildPhase;
			buildActionMask = 2147483647;
			files = (
			);
			runOnlyForDeploymentPostprocessing = 0;
		};
		7E4E787C1AFEF250007D583E /* Frameworks */ = {
			isa = PBXFrameworksBuildPhase;
			buildActionMask = 2147483647;
			files = (
				7E4E78801AFEF250007D583E /* JsonSwiftson.framework in Frameworks */,
			);
			runOnlyForDeploymentPostprocessing = 0;
		};
		7E4E78B01AFEF3AF007D583E /* Frameworks */ = {
			isa = PBXFrameworksBuildPhase;
			buildActionMask = 2147483647;
			files = (
				7E09F7CF1AFEFD2E0013F875 /* JsonSwiftson.framework in Frameworks */,
			);
			runOnlyForDeploymentPostprocessing = 0;
		};
		7E72A6561D136DAA0038B840 /* Frameworks */ = {
			isa = PBXFrameworksBuildPhase;
			buildActionMask = 2147483647;
			files = (
			);
			runOnlyForDeploymentPostprocessing = 0;
		};
		7E72A6811D1372400038B840 /* Frameworks */ = {
			isa = PBXFrameworksBuildPhase;
			buildActionMask = 2147483647;
			files = (
			);
			runOnlyForDeploymentPostprocessing = 0;
		};
		7E72A68E1D1372760038B840 /* Frameworks */ = {
			isa = PBXFrameworksBuildPhase;
			buildActionMask = 2147483647;
			files = (
			);
			runOnlyForDeploymentPostprocessing = 0;
		};
/* End PBXFrameworksBuildPhase section */

/* Begin PBXGroup section */
		7E09F7C91AFEFC120013F875 /* Utils */ = {
			isa = PBXGroup;
			children = (
				7E09F7CA1AFEFC390013F875 /* TickTock.swift */,
			);
			path = Utils;
			sourceTree = "<group>";
		};
		7E4E786A1AFEF250007D583E = {
			isa = PBXGroup;
			children = (
				7E4E78761AFEF250007D583E /* JsonSwiftson */,
				7E4E78831AFEF250007D583E /* JsonSwiftsonTests */,
				7E4E78B41AFEF3AF007D583E /* JsonSwiftsonAppDemo */,
				7E72A65B1D136DAA0038B840 /* JsonSwiftson-macOS */,
				7E72A6861D1372400038B840 /* JsonSwiftson-tvOS */,
				7E72A6931D1372760038B840 /* JsonSwiftson-watchOS */,
				7E4E78751AFEF250007D583E /* Products */,
			);
			sourceTree = "<group>";
		};
		7E4E78751AFEF250007D583E /* Products */ = {
			isa = PBXGroup;
			children = (
				7E4E78741AFEF250007D583E /* JsonSwiftson.framework */,
				7E4E787F1AFEF250007D583E /* JsonSwiftsonTests.xctest */,
				7E4E78B31AFEF3AF007D583E /* JsonSwiftsonAppDemo.app */,
				7E72A65A1D136DAA0038B840 /* JsonSwiftson.framework */,
				7E72A6851D1372400038B840 /* JsonSwiftson.framework */,
				7E72A6921D1372760038B840 /* JsonSwiftson.framework */,
			);
			name = Products;
			sourceTree = "<group>";
		};
		7E4E78761AFEF250007D583E /* JsonSwiftson */ = {
			isa = PBXGroup;
			children = (
				7E4E78901AFEF33C007D583E /* JsonSwiftson.swift */,
				7E4E78791AFEF250007D583E /* JsonSwiftson.h */,
				7E4E78771AFEF250007D583E /* Supporting Files */,
			);
			path = JsonSwiftson;
			sourceTree = "<group>";
		};
		7E4E78771AFEF250007D583E /* Supporting Files */ = {
			isa = PBXGroup;
			children = (
				7E4E78781AFEF250007D583E /* Info.plist */,
			);
			name = "Supporting Files";
			sourceTree = "<group>";
		};
		7E4E78831AFEF250007D583E /* JsonSwiftsonTests */ = {
			isa = PBXGroup;
			children = (
				7E4E78D51AFEF3EA007D583E /* TestData */,
				7E4E789A1AFEF352007D583E /* Performance */,
				7E4E78921AFEF352007D583E /* arrayWithClosure.swift */,
				7E4E78931AFEF352007D583E /* byPropertyTests.swift */,
				7EF83D261D1381BF00A5530F /* byPropertyDeepTests.swift */,
				7E4E78941AFEF352007D583E /* optionalArrayElementsWithClosure.swift */,
				7E4E78951AFEF352007D583E /* optionalArrayWithClosure.swift */,
				7E4E78961AFEF352007D583E /* optionalTopLevelArrayTests.swift */,
				7E4E78971AFEF352007D583E /* optionalTopLevelValueTests.swift */,
				7E4E78981AFEF352007D583E /* optionalWithClosure.swift */,
				7E4E78991AFEF352007D583E /* peopleTests.swift */,
				7E4E789C1AFEF352007D583E /* rawArrayTests.swift */,
				7E4E789D1AFEF352007D583E /* rawTests.swift */,
				7E4E789E1AFEF352007D583E /* topLevelArrayTests.swift */,
				7E4E789F1AFEF352007D583E /* topLevelValueTests.swift */,
				7E4E78A01AFEF352007D583E /* withClosureTests.swift */,
				7E4E78861AFEF250007D583E /* JsonSwiftsonTests.swift */,
				7E4E78841AFEF250007D583E /* Supporting Files */,
			);
			path = JsonSwiftsonTests;
			sourceTree = "<group>";
		};
		7E4E78841AFEF250007D583E /* Supporting Files */ = {
			isa = PBXGroup;
			children = (
				7E4E78851AFEF250007D583E /* Info.plist */,
			);
			name = "Supporting Files";
			sourceTree = "<group>";
		};
		7E4E789A1AFEF352007D583E /* Performance */ = {
			isa = PBXGroup;
			children = (
				7E4E789B1AFEF352007D583E /* performanceTest.swift */,
			);
			path = Performance;
			sourceTree = "<group>";
		};
		7E4E78B41AFEF3AF007D583E /* JsonSwiftsonAppDemo */ = {
			isa = PBXGroup;
			children = (
				7E09F7C91AFEFC120013F875 /* Utils */,
				7E4E78B71AFEF3AF007D583E /* AppDelegate.swift */,
				7E4E78B91AFEF3AF007D583E /* ViewController.swift */,
				7E4E78BB1AFEF3AF007D583E /* Main.storyboard */,
				7E4E78BE1AFEF3AF007D583E /* Images.xcassets */,
				7E4E78C01AFEF3AF007D583E /* LaunchScreen.xib */,
				7E4E78B51AFEF3AF007D583E /* Supporting Files */,
			);
			path = JsonSwiftsonAppDemo;
			sourceTree = "<group>";
		};
		7E4E78B51AFEF3AF007D583E /* Supporting Files */ = {
			isa = PBXGroup;
			children = (
				7E4E78B61AFEF3AF007D583E /* Info.plist */,
			);
			name = "Supporting Files";
			sourceTree = "<group>";
		};
		7E4E78D51AFEF3EA007D583E /* TestData */ = {
			isa = PBXGroup;
			children = (
				7E4E78D61AFEF3F3007D583E /* Friend.swift */,
				7E4E78D71AFEF3F3007D583E /* people.json */,
				7E4E78D81AFEF3F3007D583E /* Person.swift */,
				7E4E78D91AFEF3F3007D583E /* TestJsonLoader.swift */,
				7E09F7C51AFEF4300013F875 /* PeopleParser.swift */,
			);
			path = TestData;
			sourceTree = "<group>";
		};
		7E72A65B1D136DAA0038B840 /* JsonSwiftson-macOS */ = {
			isa = PBXGroup;
			children = (
				7E72A65C1D136DAA0038B840 /* JsonSwiftson-macOS.h */,
				7E72A65E1D136DAA0038B840 /* Info.plist */,
			);
			path = "JsonSwiftson-macOS";
			sourceTree = "<group>";
		};
		7E72A6861D1372400038B840 /* JsonSwiftson-tvOS */ = {
			isa = PBXGroup;
			children = (
				7E72A6871D1372400038B840 /* JsonSwiftson-tvOS.h */,
				7E72A6891D1372400038B840 /* Info.plist */,
			);
			path = "JsonSwiftson-tvOS";
			sourceTree = "<group>";
		};
		7E72A6931D1372760038B840 /* JsonSwiftson-watchOS */ = {
			isa = PBXGroup;
			children = (
				7E72A6941D1372760038B840 /* JsonSwiftson-watchOS.h */,
				7E72A6961D1372760038B840 /* Info.plist */,
			);
			path = "JsonSwiftson-watchOS";
			sourceTree = "<group>";
		};
/* End PBXGroup section */

/* Begin PBXHeadersBuildPhase section */
		7E4E78711AFEF250007D583E /* Headers */ = {
			isa = PBXHeadersBuildPhase;
			buildActionMask = 2147483647;
			files = (
				7E4E787A1AFEF250007D583E /* JsonSwiftson.h in Headers */,
			);
			runOnlyForDeploymentPostprocessing = 0;
		};
		7E72A6571D136DAA0038B840 /* Headers */ = {
			isa = PBXHeadersBuildPhase;
			buildActionMask = 2147483647;
			files = (
				7E72A65D1D136DAA0038B840 /* JsonSwiftson-macOS.h in Headers */,
			);
			runOnlyForDeploymentPostprocessing = 0;
		};
		7E72A6821D1372400038B840 /* Headers */ = {
			isa = PBXHeadersBuildPhase;
			buildActionMask = 2147483647;
			files = (
				7E72A6881D1372400038B840 /* JsonSwiftson-tvOS.h in Headers */,
			);
			runOnlyForDeploymentPostprocessing = 0;
		};
		7E72A68F1D1372760038B840 /* Headers */ = {
			isa = PBXHeadersBuildPhase;
			buildActionMask = 2147483647;
			files = (
				7E72A6951D1372760038B840 /* JsonSwiftson-watchOS.h in Headers */,
			);
			runOnlyForDeploymentPostprocessing = 0;
		};
/* End PBXHeadersBuildPhase section */

/* Begin PBXNativeTarget section */
		7E4E78731AFEF250007D583E /* JsonSwiftson */ = {
			isa = PBXNativeTarget;
			buildConfigurationList = 7E4E788A1AFEF250007D583E /* Build configuration list for PBXNativeTarget "JsonSwiftson" */;
			buildPhases = (
				7E4E786F1AFEF250007D583E /* Sources */,
				7E4E78701AFEF250007D583E /* Frameworks */,
				7E4E78711AFEF250007D583E /* Headers */,
				7E4E78721AFEF250007D583E /* Resources */,
			);
			buildRules = (
			);
			dependencies = (
			);
			name = JsonSwiftson;
			productName = JsonSwiftson;
			productReference = 7E4E78741AFEF250007D583E /* JsonSwiftson.framework */;
			productType = "com.apple.product-type.framework";
		};
		7E4E787E1AFEF250007D583E /* JsonSwiftsonTests */ = {
			isa = PBXNativeTarget;
			buildConfigurationList = 7E4E788D1AFEF250007D583E /* Build configuration list for PBXNativeTarget "JsonSwiftsonTests" */;
			buildPhases = (
				7E4E787B1AFEF250007D583E /* Sources */,
				7E4E787C1AFEF250007D583E /* Frameworks */,
				7E4E787D1AFEF250007D583E /* Resources */,
			);
			buildRules = (
			);
			dependencies = (
			);
			name = JsonSwiftsonTests;
			productName = JsonSwiftsonTests;
			productReference = 7E4E787F1AFEF250007D583E /* JsonSwiftsonTests.xctest */;
			productType = "com.apple.product-type.bundle.unit-test";
		};
		7E4E78B21AFEF3AF007D583E /* JsonSwiftsonAppDemo */ = {
			isa = PBXNativeTarget;
			buildConfigurationList = 7E4E78CF1AFEF3AF007D583E /* Build configuration list for PBXNativeTarget "JsonSwiftsonAppDemo" */;
			buildPhases = (
				7E4E78AF1AFEF3AF007D583E /* Sources */,
				7E4E78B01AFEF3AF007D583E /* Frameworks */,
				7E4E78B11AFEF3AF007D583E /* Resources */,
				7E09F7D31AFEFD2E0013F875 /* Embed Frameworks */,
			);
			buildRules = (
			);
			dependencies = (
				7E09F7D21AFEFD2E0013F875 /* PBXTargetDependency */,
			);
			name = JsonSwiftsonAppDemo;
			productName = JsonSwiftsonAppDemo;
			productReference = 7E4E78B31AFEF3AF007D583E /* JsonSwiftsonAppDemo.app */;
			productType = "com.apple.product-type.application";
		};
		7E72A6591D136DAA0038B840 /* JsonSwiftson-macOS */ = {
			isa = PBXNativeTarget;
			buildConfigurationList = 7E72A6611D136DAA0038B840 /* Build configuration list for PBXNativeTarget "JsonSwiftson-macOS" */;
			buildPhases = (
				7E72A6551D136DAA0038B840 /* Sources */,
				7E72A6561D136DAA0038B840 /* Frameworks */,
				7E72A6571D136DAA0038B840 /* Headers */,
				7E72A6581D136DAA0038B840 /* Resources */,
			);
			buildRules = (
			);
			dependencies = (
			);
			name = "JsonSwiftson-macOS";
			productName = "JsonSwiftson-macOS";
			productReference = 7E72A65A1D136DAA0038B840 /* JsonSwiftson.framework */;
			productType = "com.apple.product-type.framework";
		};
		7E72A6841D1372400038B840 /* JsonSwiftson-tvOS */ = {
			isa = PBXNativeTarget;
			buildConfigurationList = 7E72A68C1D1372400038B840 /* Build configuration list for PBXNativeTarget "JsonSwiftson-tvOS" */;
			buildPhases = (
				7E72A6801D1372400038B840 /* Sources */,
				7E72A6811D1372400038B840 /* Frameworks */,
				7E72A6821D1372400038B840 /* Headers */,
				7E72A6831D1372400038B840 /* Resources */,
			);
			buildRules = (
			);
			dependencies = (
			);
			name = "JsonSwiftson-tvOS";
			productName = "JsonSwiftson-tvOS";
			productReference = 7E72A6851D1372400038B840 /* JsonSwiftson.framework */;
			productType = "com.apple.product-type.framework";
		};
		7E72A6911D1372760038B840 /* JsonSwiftson-watchOS */ = {
			isa = PBXNativeTarget;
			buildConfigurationList = 7E72A6971D1372760038B840 /* Build configuration list for PBXNativeTarget "JsonSwiftson-watchOS" */;
			buildPhases = (
				7E72A68D1D1372760038B840 /* Sources */,
				7E72A68E1D1372760038B840 /* Frameworks */,
				7E72A68F1D1372760038B840 /* Headers */,
				7E72A6901D1372760038B840 /* Resources */,
			);
			buildRules = (
			);
			dependencies = (
			);
			name = "JsonSwiftson-watchOS";
			productName = "JsonSwiftson-watchOS";
			productReference = 7E72A6921D1372760038B840 /* JsonSwiftson.framework */;
			productType = "com.apple.product-type.framework";
		};
/* End PBXNativeTarget section */

/* Begin PBXProject section */
		7E4E786B1AFEF250007D583E /* Project object */ = {
			isa = PBXProject;
			attributes = {
				LastSwiftUpdateCheck = 0700;
				LastUpgradeCheck = 0800;
				ORGANIZATIONNAME = "Evgenii Neumerzhitckii";
				TargetAttributes = {
					7E4E78731AFEF250007D583E = {
						CreatedOnToolsVersion = 6.4;
						LastSwiftMigration = 0800;
					};
					7E4E787E1AFEF250007D583E = {
						CreatedOnToolsVersion = 6.4;
					};
					7E4E78B21AFEF3AF007D583E = {
						CreatedOnToolsVersion = 6.4;
						LastSwiftMigration = 0800;
					};
					7E72A6591D136DAA0038B840 = {
						CreatedOnToolsVersion = 8.0;
						DevelopmentTeam = BS677JRE62;
						DevelopmentTeamName = "Evgenii Neumerzhitckii";
						ProvisioningStyle = Automatic;
					};
					7E72A6841D1372400038B840 = {
						CreatedOnToolsVersion = 8.0;
						DevelopmentTeam = BS677JRE62;
						DevelopmentTeamName = "Evgenii Neumerzhitckii";
						ProvisioningStyle = Automatic;
					};
					7E72A6911D1372760038B840 = {
						CreatedOnToolsVersion = 8.0;
						DevelopmentTeam = BS677JRE62;
						DevelopmentTeamName = "Evgenii Neumerzhitckii";
						ProvisioningStyle = Automatic;
					};
				};
			};
			buildConfigurationList = 7E4E786E1AFEF250007D583E /* Build configuration list for PBXProject "JsonSwiftson" */;
			compatibilityVersion = "Xcode 3.2";
			developmentRegion = English;
			hasScannedForEncodings = 0;
			knownRegions = (
				en,
				Base,
			);
			mainGroup = 7E4E786A1AFEF250007D583E;
			productRefGroup = 7E4E78751AFEF250007D583E /* Products */;
			projectDirPath = "";
			projectRoot = "";
			targets = (
				7E4E78731AFEF250007D583E /* JsonSwiftson */,
				7E4E787E1AFEF250007D583E /* JsonSwiftsonTests */,
				7E4E78B21AFEF3AF007D583E /* JsonSwiftsonAppDemo */,
				7E72A6591D136DAA0038B840 /* JsonSwiftson-macOS */,
				7E72A6841D1372400038B840 /* JsonSwiftson-tvOS */,
				7E72A6911D1372760038B840 /* JsonSwiftson-watchOS */,
			);
		};
/* End PBXProject section */

/* Begin PBXResourcesBuildPhase section */
		7E4E78721AFEF250007D583E /* Resources */ = {
			isa = PBXResourcesBuildPhase;
			buildActionMask = 2147483647;
			files = (
			);
			runOnlyForDeploymentPostprocessing = 0;
		};
		7E4E787D1AFEF250007D583E /* Resources */ = {
			isa = PBXResourcesBuildPhase;
			buildActionMask = 2147483647;
			files = (
				7E4E78DB1AFEF3F3007D583E /* people.json in Resources */,
			);
			runOnlyForDeploymentPostprocessing = 0;
		};
		7E4E78B11AFEF3AF007D583E /* Resources */ = {
			isa = PBXResourcesBuildPhase;
			buildActionMask = 2147483647;
			files = (
				7E09F7C81AFEFBEB0013F875 /* people.json in Resources */,
				7E4E78BD1AFEF3AF007D583E /* Main.storyboard in Resources */,
				7E4E78C21AFEF3AF007D583E /* LaunchScreen.xib in Resources */,
				7E4E78BF1AFEF3AF007D583E /* Images.xcassets in Resources */,
			);
			runOnlyForDeploymentPostprocessing = 0;
		};
		7E72A6581D136DAA0038B840 /* Resources */ = {
			isa = PBXResourcesBuildPhase;
			buildActionMask = 2147483647;
			files = (
			);
			runOnlyForDeploymentPostprocessing = 0;
		};
		7E72A6831D1372400038B840 /* Resources */ = {
			isa = PBXResourcesBuildPhase;
			buildActionMask = 2147483647;
			files = (
			);
			runOnlyForDeploymentPostprocessing = 0;
		};
		7E72A6901D1372760038B840 /* Resources */ = {
			isa = PBXResourcesBuildPhase;
			buildActionMask = 2147483647;
			files = (
			);
			runOnlyForDeploymentPostprocessing = 0;
		};
/* End PBXResourcesBuildPhase section */

/* Begin PBXSourcesBuildPhase section */
		7E4E786F1AFEF250007D583E /* Sources */ = {
			isa = PBXSourcesBuildPhase;
			buildActionMask = 2147483647;
			files = (
				7E4E78911AFEF33C007D583E /* JsonSwiftson.swift in Sources */,
			);
			runOnlyForDeploymentPostprocessing = 0;
		};
		7E4E787B1AFEF250007D583E /* Sources */ = {
			isa = PBXSourcesBuildPhase;
			buildActionMask = 2147483647;
			files = (
				7E4E78A81AFEF352007D583E /* peopleTests.swift in Sources */,
				7E4E78AA1AFEF352007D583E /* rawArrayTests.swift in Sources */,
				7E4E78DD1AFEF3F3007D583E /* TestJsonLoader.swift in Sources */,
				7E4E78A31AFEF352007D583E /* optionalArrayElementsWithClosure.swift in Sources */,
				7E09F7C61AFEF4300013F875 /* PeopleParser.swift in Sources */,
				7E4E78A61AFEF352007D583E /* optionalTopLevelValueTests.swift in Sources */,
				7E4E78AC1AFEF352007D583E /* topLevelArrayTests.swift in Sources */,
				7E4E78AE1AFEF352007D583E /* withClosureTests.swift in Sources */,
				7EF83D271D1381BF00A5530F /* byPropertyDeepTests.swift in Sources */,
				7E4E78A21AFEF352007D583E /* byPropertyTests.swift in Sources */,
				7E4E78A71AFEF352007D583E /* optionalWithClosure.swift in Sources */,
				7E4E78AB1AFEF352007D583E /* rawTests.swift in Sources */,
				7E4E78871AFEF250007D583E /* JsonSwiftsonTests.swift in Sources */,
				7E4E78A41AFEF352007D583E /* optionalArrayWithClosure.swift in Sources */,
				7E4E78A51AFEF352007D583E /* optionalTopLevelArrayTests.swift in Sources */,
				7E4E78A91AFEF352007D583E /* performanceTest.swift in Sources */,
				7E4E78AD1AFEF352007D583E /* topLevelValueTests.swift in Sources */,
				7EEB6D0E1AFF1604009F26B6 /* JsonSwiftson.swift in Sources */,
				7E4E78DC1AFEF3F3007D583E /* Person.swift in Sources */,
				7E4E78A11AFEF352007D583E /* arrayWithClosure.swift in Sources */,
				7E4E78DA1AFEF3F3007D583E /* Friend.swift in Sources */,
			);
			runOnlyForDeploymentPostprocessing = 0;
		};
		7E4E78AF1AFEF3AF007D583E /* Sources */ = {
			isa = PBXSourcesBuildPhase;
			buildActionMask = 2147483647;
			files = (
				7E09F7CD1AFEFCA30013F875 /* Person.swift in Sources */,
				7E09F7CE1AFEFCAA0013F875 /* Friend.swift in Sources */,
				7E4E78BA1AFEF3AF007D583E /* ViewController.swift in Sources */,
				7E09F7CC1AFEFC5B0013F875 /* PeopleParser.swift in Sources */,
				7EEB6D0F1AFF1A28009F26B6 /* JsonSwiftson.swift in Sources */,
				7E09F7CB1AFEFC390013F875 /* TickTock.swift in Sources */,
				7E4E78B81AFEF3AF007D583E /* AppDelegate.swift in Sources */,
				7E09F7C71AFEFA710013F875 /* TestJsonLoader.swift in Sources */,
			);
			runOnlyForDeploymentPostprocessing = 0;
		};
		7E72A6551D136DAA0038B840 /* Sources */ = {
			isa = PBXSourcesBuildPhase;
			buildActionMask = 2147483647;
			files = (
				7E72A6621D136E540038B840 /* JsonSwiftson.swift in Sources */,
			);
			runOnlyForDeploymentPostprocessing = 0;
		};
		7E72A6801D1372400038B840 /* Sources */ = {
			isa = PBXSourcesBuildPhase;
			buildActionMask = 2147483647;
			files = (
				7E72A69A1D13728F0038B840 /* JsonSwiftson.swift in Sources */,
			);
			runOnlyForDeploymentPostprocessing = 0;
		};
		7E72A68D1D1372760038B840 /* Sources */ = {
			isa = PBXSourcesBuildPhase;
			buildActionMask = 2147483647;
			files = (
				7E72A69B1D1372900038B840 /* JsonSwiftson.swift in Sources */,
			);
			runOnlyForDeploymentPostprocessing = 0;
		};
/* End PBXSourcesBuildPhase section */

/* Begin PBXTargetDependency section */
		7E09F7D21AFEFD2E0013F875 /* PBXTargetDependency */ = {
			isa = PBXTargetDependency;
			target = 7E4E78731AFEF250007D583E /* JsonSwiftson */;
			targetProxy = 7E09F7D11AFEFD2E0013F875 /* PBXContainerItemProxy */;
		};
/* End PBXTargetDependency section */

/* Begin PBXVariantGroup section */
		7E4E78BB1AFEF3AF007D583E /* Main.storyboard */ = {
			isa = PBXVariantGroup;
			children = (
				7E4E78BC1AFEF3AF007D583E /* Base */,
			);
			name = Main.storyboard;
			sourceTree = "<group>";
		};
		7E4E78C01AFEF3AF007D583E /* LaunchScreen.xib */ = {
			isa = PBXVariantGroup;
			children = (
				7E4E78C11AFEF3AF007D583E /* Base */,
			);
			name = LaunchScreen.xib;
			sourceTree = "<group>";
		};
/* End PBXVariantGroup section */

/* Begin XCBuildConfiguration section */
		7E4E78881AFEF250007D583E /* Debug */ = {
			isa = XCBuildConfiguration;
			buildSettings = {
				ALWAYS_SEARCH_USER_PATHS = NO;
				CLANG_CXX_LANGUAGE_STANDARD = "gnu++0x";
				CLANG_CXX_LIBRARY = "libc++";
				CLANG_ENABLE_MODULES = YES;
				CLANG_ENABLE_OBJC_ARC = YES;
				CLANG_WARN_BOOL_CONVERSION = YES;
				CLANG_WARN_CONSTANT_CONVERSION = YES;
				CLANG_WARN_DIRECT_OBJC_ISA_USAGE = YES_ERROR;
				CLANG_WARN_EMPTY_BODY = YES;
				CLANG_WARN_ENUM_CONVERSION = YES;
				CLANG_WARN_INT_CONVERSION = YES;
				CLANG_WARN_OBJC_ROOT_CLASS = YES_ERROR;
				CLANG_WARN_UNREACHABLE_CODE = YES;
				CLANG_WARN__DUPLICATE_METHOD_MATCH = YES;
				"CODE_SIGN_IDENTITY[sdk=iphoneos*]" = "iPhone Developer";
				COPY_PHASE_STRIP = NO;
				CURRENT_PROJECT_VERSION = 1;
				DEBUG_INFORMATION_FORMAT = "dwarf-with-dsym";
				ENABLE_STRICT_OBJC_MSGSEND = YES;
				ENABLE_TESTABILITY = YES;
				GCC_C_LANGUAGE_STANDARD = gnu99;
				GCC_DYNAMIC_NO_PIC = NO;
				GCC_NO_COMMON_BLOCKS = YES;
				GCC_OPTIMIZATION_LEVEL = 0;
				GCC_PREPROCESSOR_DEFINITIONS = (
					"DEBUG=1",
					"$(inherited)",
				);
				GCC_SYMBOLS_PRIVATE_EXTERN = NO;
				GCC_WARN_64_TO_32_BIT_CONVERSION = YES;
				GCC_WARN_ABOUT_RETURN_TYPE = YES_ERROR;
				GCC_WARN_UNDECLARED_SELECTOR = YES;
				GCC_WARN_UNINITIALIZED_AUTOS = YES_AGGRESSIVE;
				GCC_WARN_UNUSED_FUNCTION = YES;
				GCC_WARN_UNUSED_VARIABLE = YES;
				IPHONEOS_DEPLOYMENT_TARGET = 8.0;
				MTL_ENABLE_DEBUG_INFO = YES;
				ONLY_ACTIVE_ARCH = YES;
				SDKROOT = iphoneos;
				SWIFT_OPTIMIZATION_LEVEL = "-Onone";
				SWIFT_VERSION = 3.0;
				TARGETED_DEVICE_FAMILY = "1,2";
				VERSIONING_SYSTEM = "apple-generic";
				VERSION_INFO_PREFIX = "";
			};
			name = Debug;
		};
		7E4E78891AFEF250007D583E /* Release */ = {
			isa = XCBuildConfiguration;
			buildSettings = {
				ALWAYS_SEARCH_USER_PATHS = NO;
				CLANG_CXX_LANGUAGE_STANDARD = "gnu++0x";
				CLANG_CXX_LIBRARY = "libc++";
				CLANG_ENABLE_MODULES = YES;
				CLANG_ENABLE_OBJC_ARC = YES;
				CLANG_WARN_BOOL_CONVERSION = YES;
				CLANG_WARN_CONSTANT_CONVERSION = YES;
				CLANG_WARN_DIRECT_OBJC_ISA_USAGE = YES_ERROR;
				CLANG_WARN_EMPTY_BODY = YES;
				CLANG_WARN_ENUM_CONVERSION = YES;
				CLANG_WARN_INT_CONVERSION = YES;
				CLANG_WARN_OBJC_ROOT_CLASS = YES_ERROR;
				CLANG_WARN_UNREACHABLE_CODE = YES;
				CLANG_WARN__DUPLICATE_METHOD_MATCH = YES;
				"CODE_SIGN_IDENTITY[sdk=iphoneos*]" = "iPhone Developer";
				COPY_PHASE_STRIP = NO;
				CURRENT_PROJECT_VERSION = 1;
				DEBUG_INFORMATION_FORMAT = "dwarf-with-dsym";
				ENABLE_NS_ASSERTIONS = NO;
				ENABLE_STRICT_OBJC_MSGSEND = YES;
				GCC_C_LANGUAGE_STANDARD = gnu99;
				GCC_NO_COMMON_BLOCKS = YES;
				GCC_WARN_64_TO_32_BIT_CONVERSION = YES;
				GCC_WARN_ABOUT_RETURN_TYPE = YES_ERROR;
				GCC_WARN_UNDECLARED_SELECTOR = YES;
				GCC_WARN_UNINITIALIZED_AUTOS = YES_AGGRESSIVE;
				GCC_WARN_UNUSED_FUNCTION = YES;
				GCC_WARN_UNUSED_VARIABLE = YES;
				IPHONEOS_DEPLOYMENT_TARGET = 8.0;
				MTL_ENABLE_DEBUG_INFO = NO;
				SDKROOT = iphoneos;
				SWIFT_VERSION = 3.0;
				TARGETED_DEVICE_FAMILY = "1,2";
				VALIDATE_PRODUCT = YES;
				VERSIONING_SYSTEM = "apple-generic";
				VERSION_INFO_PREFIX = "";
			};
			name = Release;
		};
		7E4E788B1AFEF250007D583E /* Debug */ = {
			isa = XCBuildConfiguration;
			buildSettings = {
				CLANG_ENABLE_MODULES = YES;
				DEFINES_MODULE = YES;
				DYLIB_COMPATIBILITY_VERSION = 1;
				DYLIB_CURRENT_VERSION = 1;
				DYLIB_INSTALL_NAME_BASE = "@rpath";
				INFOPLIST_FILE = JsonSwiftson/Info.plist;
				INSTALL_PATH = "$(LOCAL_LIBRARY_DIR)/Frameworks";
				LD_RUNPATH_SEARCH_PATHS = "$(inherited) @executable_path/Frameworks @loader_path/Frameworks";
				PRODUCT_BUNDLE_IDENTIFIER = "com.evgenii.$(PRODUCT_NAME:rfc1034identifier)";
				PRODUCT_NAME = "$(TARGET_NAME)";
				SKIP_INSTALL = YES;
				SWIFT_OPTIMIZATION_LEVEL = "-Onone";
				SWIFT_VERSION = 3.0;
			};
			name = Debug;
		};
		7E4E788C1AFEF250007D583E /* Release */ = {
			isa = XCBuildConfiguration;
			buildSettings = {
				CLANG_ENABLE_MODULES = YES;
				DEFINES_MODULE = YES;
				DYLIB_COMPATIBILITY_VERSION = 1;
				DYLIB_CURRENT_VERSION = 1;
				DYLIB_INSTALL_NAME_BASE = "@rpath";
				INFOPLIST_FILE = JsonSwiftson/Info.plist;
				INSTALL_PATH = "$(LOCAL_LIBRARY_DIR)/Frameworks";
				LD_RUNPATH_SEARCH_PATHS = "$(inherited) @executable_path/Frameworks @loader_path/Frameworks";
				PRODUCT_BUNDLE_IDENTIFIER = "com.evgenii.$(PRODUCT_NAME:rfc1034identifier)";
				PRODUCT_NAME = "$(TARGET_NAME)";
				SKIP_INSTALL = YES;
				SWIFT_OPTIMIZATION_LEVEL = "-Owholemodule";
				SWIFT_VERSION = 3.0;
			};
			name = Release;
		};
		7E4E788E1AFEF250007D583E /* Debug */ = {
			isa = XCBuildConfiguration;
			buildSettings = {
				FRAMEWORK_SEARCH_PATHS = "$(inherited)";
				GCC_PREPROCESSOR_DEFINITIONS = (
					"DEBUG=1",
					"$(inherited)",
				);
				INFOPLIST_FILE = JsonSwiftsonTests/Info.plist;
				LD_RUNPATH_SEARCH_PATHS = "$(inherited) @executable_path/Frameworks @loader_path/Frameworks";
				PRODUCT_BUNDLE_IDENTIFIER = "com.evgenii.$(PRODUCT_NAME:rfc1034identifier)";
				PRODUCT_NAME = "$(TARGET_NAME)";
			};
			name = Debug;
		};
		7E4E788F1AFEF250007D583E /* Release */ = {
			isa = XCBuildConfiguration;
			buildSettings = {
				FRAMEWORK_SEARCH_PATHS = "$(inherited)";
				INFOPLIST_FILE = JsonSwiftsonTests/Info.plist;
				LD_RUNPATH_SEARCH_PATHS = "$(inherited) @executable_path/Frameworks @loader_path/Frameworks";
				PRODUCT_BUNDLE_IDENTIFIER = "com.evgenii.$(PRODUCT_NAME:rfc1034identifier)";
				PRODUCT_NAME = "$(TARGET_NAME)";
				SWIFT_OPTIMIZATION_LEVEL = "-Owholemodule";
			};
			name = Release;
		};
		7E4E78D01AFEF3AF007D583E /* Debug */ = {
			isa = XCBuildConfiguration;
			buildSettings = {
				ASSETCATALOG_COMPILER_APPICON_NAME = AppIcon;
				GCC_PREPROCESSOR_DEFINITIONS = (
					"DEBUG=1",
					"$(inherited)",
				);
				INFOPLIST_FILE = JsonSwiftsonAppDemo/Info.plist;
				IPHONEOS_DEPLOYMENT_TARGET = 8.0;
				LD_RUNPATH_SEARCH_PATHS = "$(inherited) @executable_path/Frameworks";
				PRODUCT_BUNDLE_IDENTIFIER = "com.evgenii.$(PRODUCT_NAME:rfc1034identifier)";
				PRODUCT_NAME = "$(TARGET_NAME)";
				SWIFT_VERSION = 3.0;
			};
			name = Debug;
		};
		7E4E78D11AFEF3AF007D583E /* Release */ = {
			isa = XCBuildConfiguration;
			buildSettings = {
				ASSETCATALOG_COMPILER_APPICON_NAME = AppIcon;
				INFOPLIST_FILE = JsonSwiftsonAppDemo/Info.plist;
				IPHONEOS_DEPLOYMENT_TARGET = 8.0;
				LD_RUNPATH_SEARCH_PATHS = "$(inherited) @executable_path/Frameworks";
				PRODUCT_BUNDLE_IDENTIFIER = "com.evgenii.$(PRODUCT_NAME:rfc1034identifier)";
				PRODUCT_NAME = "$(TARGET_NAME)";
				SWIFT_OPTIMIZATION_LEVEL = "-Owholemodule";
				SWIFT_VERSION = 3.0;
			};
			name = Release;
		};
		7E72A65F1D136DAA0038B840 /* Debug */ = {
			isa = XCBuildConfiguration;
			buildSettings = {
				CLANG_ANALYZER_NONNULL = YES;
				CLANG_WARN_DOCUMENTATION_COMMENTS = YES;
				CODE_SIGN_IDENTITY = "-";
				COMBINE_HIDPI_IMAGES = YES;
				DEBUG_INFORMATION_FORMAT = dwarf;
				DEFINES_MODULE = YES;
				DYLIB_COMPATIBILITY_VERSION = 1;
				DYLIB_CURRENT_VERSION = 1;
				DYLIB_INSTALL_NAME_BASE = "@rpath";
				FRAMEWORK_VERSION = A;
				INFOPLIST_FILE = "JsonSwiftson-macOS/Info.plist";
				INSTALL_PATH = "$(LOCAL_LIBRARY_DIR)/Frameworks";
				LD_RUNPATH_SEARCH_PATHS = "$(inherited) @executable_path/../Frameworks @loader_path/Frameworks";
				MACOSX_DEPLOYMENT_TARGET = 10.9;
				PRODUCT_BUNDLE_IDENTIFIER = "com.evgenii.JsonSwiftson-macOS";
				PRODUCT_NAME = JsonSwiftson;
				SDKROOT = macosx;
				SKIP_INSTALL = YES;
				SWIFT_ACTIVE_COMPILATION_CONDITIONS = DEBUG;
				SWIFT_VERSION = 3.0;
			};
			name = Debug;
		};
		7E72A6601D136DAA0038B840 /* Release */ = {
			isa = XCBuildConfiguration;
			buildSettings = {
				CLANG_ANALYZER_NONNULL = YES;
				CLANG_WARN_DOCUMENTATION_COMMENTS = YES;
				CODE_SIGN_IDENTITY = "-";
				COMBINE_HIDPI_IMAGES = YES;
				DEFINES_MODULE = YES;
				DYLIB_COMPATIBILITY_VERSION = 1;
				DYLIB_CURRENT_VERSION = 1;
				DYLIB_INSTALL_NAME_BASE = "@rpath";
				FRAMEWORK_VERSION = A;
				INFOPLIST_FILE = "JsonSwiftson-macOS/Info.plist";
				INSTALL_PATH = "$(LOCAL_LIBRARY_DIR)/Frameworks";
				LD_RUNPATH_SEARCH_PATHS = "$(inherited) @executable_path/../Frameworks @loader_path/Frameworks";
				MACOSX_DEPLOYMENT_TARGET = 10.9;
				PRODUCT_BUNDLE_IDENTIFIER = "com.evgenii.JsonSwiftson-macOS";
				PRODUCT_NAME = JsonSwiftson;
				SDKROOT = macosx;
				SKIP_INSTALL = YES;
				SWIFT_OPTIMIZATION_LEVEL = "-Owholemodule";
				SWIFT_VERSION = 3.0;
			};
			name = Release;
		};
		7E72A68A1D1372400038B840 /* Debug */ = {
			isa = XCBuildConfiguration;
			buildSettings = {
				CLANG_ANALYZER_NONNULL = YES;
				CLANG_WARN_DOCUMENTATION_COMMENTS = YES;
				DEBUG_INFORMATION_FORMAT = dwarf;
				DEFINES_MODULE = YES;
				DYLIB_COMPATIBILITY_VERSION = 1;
				DYLIB_CURRENT_VERSION = 1;
				DYLIB_INSTALL_NAME_BASE = "@rpath";
				INFOPLIST_FILE = "JsonSwiftson-tvOS/Info.plist";
				INSTALL_PATH = "$(LOCAL_LIBRARY_DIR)/Frameworks";
				LD_RUNPATH_SEARCH_PATHS = "$(inherited) @executable_path/Frameworks @loader_path/Frameworks";
				PRODUCT_BUNDLE_IDENTIFIER = "com.evgenii.JsonSwiftson-tvOS";
				PRODUCT_NAME = JsonSwiftson;
				SDKROOT = appletvos;
				SKIP_INSTALL = YES;
				SWIFT_ACTIVE_COMPILATION_CONDITIONS = DEBUG;
				SWIFT_VERSION = 3.0;
				TARGETED_DEVICE_FAMILY = 3;
				TVOS_DEPLOYMENT_TARGET = 9.0;
			};
			name = Debug;
		};
		7E72A68B1D1372400038B840 /* Release */ = {
			isa = XCBuildConfiguration;
			buildSettings = {
				CLANG_ANALYZER_NONNULL = YES;
				CLANG_WARN_DOCUMENTATION_COMMENTS = YES;
				DEFINES_MODULE = YES;
				DYLIB_COMPATIBILITY_VERSION = 1;
				DYLIB_CURRENT_VERSION = 1;
				DYLIB_INSTALL_NAME_BASE = "@rpath";
				INFOPLIST_FILE = "JsonSwiftson-tvOS/Info.plist";
				INSTALL_PATH = "$(LOCAL_LIBRARY_DIR)/Frameworks";
				LD_RUNPATH_SEARCH_PATHS = "$(inherited) @executable_path/Frameworks @loader_path/Frameworks";
				PRODUCT_BUNDLE_IDENTIFIER = "com.evgenii.JsonSwiftson-tvOS";
				PRODUCT_NAME = JsonSwiftson;
				SDKROOT = appletvos;
				SKIP_INSTALL = YES;
				SWIFT_OPTIMIZATION_LEVEL = "-Owholemodule";
				SWIFT_VERSION = 3.0;
				TARGETED_DEVICE_FAMILY = 3;
				TVOS_DEPLOYMENT_TARGET = 9.0;
			};
			name = Release;
		};
		7E72A6981D1372760038B840 /* Debug */ = {
			isa = XCBuildConfiguration;
			buildSettings = {
				APPLICATION_EXTENSION_API_ONLY = YES;
				CLANG_ANALYZER_NONNULL = YES;
				CLANG_WARN_DOCUMENTATION_COMMENTS = YES;
				DEBUG_INFORMATION_FORMAT = dwarf;
				DEFINES_MODULE = YES;
				DYLIB_COMPATIBILITY_VERSION = 1;
				DYLIB_CURRENT_VERSION = 1;
				DYLIB_INSTALL_NAME_BASE = "@rpath";
				INFOPLIST_FILE = "JsonSwiftson-watchOS/Info.plist";
				INSTALL_PATH = "$(LOCAL_LIBRARY_DIR)/Frameworks";
				LD_RUNPATH_SEARCH_PATHS = "$(inherited) @executable_path/Frameworks @loader_path/Frameworks";
				PRODUCT_BUNDLE_IDENTIFIER = "com.evgenii.JsonSwiftson-watchOS";
				PRODUCT_NAME = JsonSwiftson;
				SDKROOT = watchos;
				SKIP_INSTALL = YES;
				SWIFT_ACTIVE_COMPILATION_CONDITIONS = DEBUG;
				SWIFT_VERSION = 3.0;
				TARGETED_DEVICE_FAMILY = 4;
				WATCHOS_DEPLOYMENT_TARGET = 2.0;
			};
			name = Debug;
		};
		7E72A6991D1372760038B840 /* Release */ = {
			isa = XCBuildConfiguration;
			buildSettings = {
				APPLICATION_EXTENSION_API_ONLY = YES;
				CLANG_ANALYZER_NONNULL = YES;
				CLANG_WARN_DOCUMENTATION_COMMENTS = YES;
				DEFINES_MODULE = YES;
				DYLIB_COMPATIBILITY_VERSION = 1;
				DYLIB_CURRENT_VERSION = 1;
				DYLIB_INSTALL_NAME_BASE = "@rpath";
				INFOPLIST_FILE = "JsonSwiftson-watchOS/Info.plist";
				INSTALL_PATH = "$(LOCAL_LIBRARY_DIR)/Frameworks";
				LD_RUNPATH_SEARCH_PATHS = "$(inherited) @executable_path/Frameworks @loader_path/Frameworks";
				PRODUCT_BUNDLE_IDENTIFIER = "com.evgenii.JsonSwiftson-watchOS";
				PRODUCT_NAME = JsonSwiftson;
				SDKROOT = watchos;
				SKIP_INSTALL = YES;
				SWIFT_OPTIMIZATION_LEVEL = "-Owholemodule";
				SWIFT_VERSION = 3.0;
				TARGETED_DEVICE_FAMILY = 4;
				WATCHOS_DEPLOYMENT_TARGET = 2.0;
			};
			name = Release;
		};
/* End XCBuildConfiguration section */

/* Begin XCConfigurationList section */
		7E4E786E1AFEF250007D583E /* Build configuration list for PBXProject "JsonSwiftson" */ = {
			isa = XCConfigurationList;
			buildConfigurations = (
				7E4E78881AFEF250007D583E /* Debug */,
				7E4E78891AFEF250007D583E /* Release */,
			);
			defaultConfigurationIsVisible = 0;
			defaultConfigurationName = Release;
		};
		7E4E788A1AFEF250007D583E /* Build configuration list for PBXNativeTarget "JsonSwiftson" */ = {
			isa = XCConfigurationList;
			buildConfigurations = (
				7E4E788B1AFEF250007D583E /* Debug */,
				7E4E788C1AFEF250007D583E /* Release */,
			);
			defaultConfigurationIsVisible = 0;
			defaultConfigurationName = Release;
		};
		7E4E788D1AFEF250007D583E /* Build configuration list for PBXNativeTarget "JsonSwiftsonTests" */ = {
			isa = XCConfigurationList;
			buildConfigurations = (
				7E4E788E1AFEF250007D583E /* Debug */,
				7E4E788F1AFEF250007D583E /* Release */,
			);
			defaultConfigurationIsVisible = 0;
			defaultConfigurationName = Release;
		};
		7E4E78CF1AFEF3AF007D583E /* Build configuration list for PBXNativeTarget "JsonSwiftsonAppDemo" */ = {
			isa = XCConfigurationList;
			buildConfigurations = (
				7E4E78D01AFEF3AF007D583E /* Debug */,
				7E4E78D11AFEF3AF007D583E /* Release */,
			);
			defaultConfigurationIsVisible = 0;
			defaultConfigurationName = Release;
		};
		7E72A6611D136DAA0038B840 /* Build configuration list for PBXNativeTarget "JsonSwiftson-macOS" */ = {
			isa = XCConfigurationList;
			buildConfigurations = (
				7E72A65F1D136DAA0038B840 /* Debug */,
				7E72A6601D136DAA0038B840 /* Release */,
			);
			defaultConfigurationIsVisible = 0;
			defaultConfigurationName = Release;
		};
		7E72A68C1D1372400038B840 /* Build configuration list for PBXNativeTarget "JsonSwiftson-tvOS" */ = {
			isa = XCConfigurationList;
			buildConfigurations = (
				7E72A68A1D1372400038B840 /* Debug */,
				7E72A68B1D1372400038B840 /* Release */,
			);
			defaultConfigurationIsVisible = 0;
			defaultConfigurationName = Release;
		};
		7E72A6971D1372760038B840 /* Build configuration list for PBXNativeTarget "JsonSwiftson-watchOS" */ = {
			isa = XCConfigurationList;
			buildConfigurations = (
				7E72A6981D1372760038B840 /* Debug */,
				7E72A6991D1372760038B840 /* Release */,
			);
			defaultConfigurationIsVisible = 0;
			defaultConfigurationName = Release;
		};
/* End XCConfigurationList section */
	};
	rootObject = 7E4E786B1AFEF250007D583E /* Project object */;
}
